
Microsoft Visual Studio Solution File, Format Version 12.00
# Visual Studio Version 16
VisualStudioVersion = 16.0.32630.194
MinimumVisualStudioVersion = 10.0.40219.1
Project("{8BC9CEB8-8B4A-11D0-8D11-00A0C91BC942}") = "华南虎视觉代码", "华南虎视觉代码.vcxproj", "{7C7D68B7-2D34-4BED-8D8D-491B5AEA035F}"
EndProject
Global
	GlobalSection(SolutionConfigurationPlatforms) = preSolution
		Debug|x64 = Debug|x64
		Debug|x86 = Debug|x86
		Release|x64 = Release|x64
		Release|x86 = Release|x86
	EndGlobalSection
	GlobalSection(ProjectConfigurationPlatforms) = postSolution
		{7C7D68B7-2D34-4BED-8D8D-491B5AEA035F}.Debug|x64.ActiveCfg = Debug|x64
		{7C7D68B7-2D34-4BED-8D8D-491B5AEA035F}.Debug|x64.Build.0 = Debug|x64
		{7C7D68B7-2D34-4BED-8D8D-491B5AEA035F}.Debug|x86.ActiveCfg = Debug|Win32
		{7C7D68B7-2D34-4BED-8D8D-491B5AEA035F}.Debug|x86.Build.0 = Debug|Win32
		{7C7D68B7-2D34-4BED-8D8D-491B5AEA035F}.Release|x64.ActiveCfg = Release|x64
		{7C7D68B7-2D34-4BED-8D8D-491B5AEA035F}.Release|x64.Build.0 = Release|x64
		{7C7D68B7-2D34-4BED-8D8D-491B5AEA035F}.Release|x86.ActiveCfg = Release|Win32
		{7C7D68B7-2D34-4BED-8D8D-491B5AEA035F}.Release|x86.Build.0 = Release|Win32
	EndGlobalSection
	GlobalSection(SolutionProperties) = preSolution
		HideSolutionNode = FALSE
	EndGlobalSection
	GlobalSection(ExtensibilityGlobals) = postSolution
		SolutionGuid = {9EC01DE2-7E33-45A3-9D17-483AF82632FA}
	EndGlobalSection
EndGlobal
